PODS:
  - SnapshotTestCase (2.3.0):
    - SnapshotTestCase/SwiftSupport (= 2.3.0)
  - SnapshotTestCase/Core (2.3.0)
  - SnapshotTestCase/SwiftSupport (2.3.0):
    - SnapshotTestCase/Core

DEPENDENCIES:
  - SnapshotTestCase (from `..`)

EXTERNAL SOURCES:
  SnapshotTestCase:
    :path: ..

SPEC CHECKSUMS:
  SnapshotTestCase: 2c58f0001444aa385739f0fe97781da6e4d1c42c

PODFILE CHECKSUM: 71854a4c7f49e707e12e348e5638a3ccfc7b819a

COCOAPODS: 1.4.0
