PODS:
  - SnapshotTestCase (3.0.0):
    - SnapshotTestCase/SwiftSupport (= 3.0.0)
  - SnapshotTestCase/Core (3.0.0)
  - SnapshotTestCase/SwiftSupport (3.0.0):
    - SnapshotTestCase/Core

DEPENDENCIES:
  - SnapshotTestCase (from `..`)

EXTERNAL SOURCES:
  SnapshotTestCase:
    :path: ..

SPEC CHECKSUMS:
  SnapshotTestCase: ed25cbda43c3c26f7a6fce196a5681145265620c

PODFILE CHECKSUM: 71854a4c7f49e707e12e348e5638a3ccfc7b819a

COCOAPODS: 1.4.0
